PODS:
  - Alamofire (4.9.1)
  - AlamofireMapper (1.0.0):
    - Alamofire (~> 4.1)
  - AlamofireObjectMapper (5.2.1):
    - Alamofire (~> 4.7)
    - ObjectMapper (~> 3.4)
  - ChatViewController (1.2.0):
    - PlaceholderUITextView
  - InputBarAccessoryView (5.3.1):
    - InputBarAccessoryView/Core (= 5.3.1)
  - InputBarAccessoryView/Core (5.3.1)
  - Kingfisher (7.1.2)
  - MessageKit (3.6.0):
    - InputBarAccessoryView (~> 5.3.1)
  - ObjectMapper (3.5.3)
  - PlaceholderUITextView (1.2.0)
  - Socket.IO-Client-Swift (16.0.1):
    - Starscream (~> 4.0)
  - Starscream (4.0.4)
  - SwiftyJSON (5.0.1)

DEPENDENCIES:
  - Alamofire
  - AlamofireMapper
  - AlamofireObjectMapper
  - ChatViewController
  - Kingfisher
  - MessageKit
  - Socket.IO-Client-Swift
  - SwiftyJSON

SPEC REPOS:
  trunk:
    - Alamofire
    - AlamofireMapper
    - AlamofireObjectMapper
    - ChatViewController
    - InputBarAccessoryView
    - Kingfisher
    - MessageKit
    - ObjectMapper
    - PlaceholderUITextView
    - Socket.IO-Client-Swift
    - Starscream
    - SwiftyJSON

SPEC CHECKSUMS:
  Alamofire: 85e8a02c69d6020a0d734f6054870d7ecb75cf18
  AlamofireMapper: bdcd94eb53ab63ec9a12e4685bba73e3d0072f36
  AlamofireObjectMapper: 1989f690e982b71921b9253f53a4f33a9bc00d88
  ChatViewController: fcc9152b22a0099ced7052d842829d6a7ee9e53f
  InputBarAccessoryView: 1f75d8c9f75e5e57f3ffac36ed58635a8005e0bc
  Kingfisher: 44ed6a8504763f27bab46163adfac83f5deb240c
  MessageKit: a8efaf55b021672b19ffdd5a85ce1c2f3b53058e
  ObjectMapper: 97111c97e054a6ee25917662106689f0b4127b37
  PlaceholderUITextView: a2158e51dc0a3217ecca2d879bbe59372292d391
  Socket.IO-Client-Swift: c116d6dc9fd6be9c259bacfe143f8725bce7d79e
  Starscream: 5178aed56b316f13fa3bc55694e583d35dd414d9
  SwiftyJSON: 2f33a42c6fbc52764d96f13368585094bfd8aa5e

PODFILE CHECKSUM: 4bb9eb80f68e26bffd4a944afb50a26cf6c073d3

COCOAPODS: 1.11.2
