// !$*UTF8*$!
{
	archiveVersion = 1;
	classes = {
	};
	objectVersion = 55;
	objects = {

/* Begin PBXBuildFile section */
		1AF9876293D37D3A35078299 /* Pods_chat_pageTests.framework in Frameworks */ = {isa = PBXBuildFile; fileRef = 06EAB9CA1E0E8AAEE1F197B4 /* Pods_chat_pageTests.framework */; };
		3DC519D55BA784826983E7B3 /* Pods_chat_page_chat_pageUITests.framework in Frameworks */ = {isa = PBXBuildFile; fileRef = FAF8E8E529419FAF3AFA9287 /* Pods_chat_page_chat_pageUITests.framework */; };
		59C14E4DA50E84DC7377E9C3 /* Pods_chat_page.framework in Frameworks */ = {isa = PBXBuildFile; fileRef = B5B45361BFAB189DCAE6FDED /* Pods_chat_page.framework */; };
		EE0C275E27B72501002E2FDE /* Message.swift in Sources */ = {isa = PBXBuildFile; fileRef = EE0C275D27B72501002E2FDE /* Message.swift */; };
		EE0C276227B72C88002E2FDE /* User.swift in Sources */ = {isa = PBXBuildFile; fileRef = EE0C276127B72C88002E2FDE /* User.swift */; };
		EE0C276827B7AF20002E2FDE /* Conf.swift in Sources */ = {isa = PBXBuildFile; fileRef = EE0C276727B7AF20002E2FDE /* Conf.swift */; };
		EE0C276A27B7BD67002E2FDE /* APIManager.swift in Sources */ = {isa = PBXBuildFile; fileRef = EE0C276927B7BD67002E2FDE /* APIManager.swift */; };
		EE0C276D27B7BF3F002E2FDE /* RegisterResponse.swift in Sources */ = {isa = PBXBuildFile; fileRef = EE0C276C27B7BF3F002E2FDE /* RegisterResponse.swift */; };
		EE0C276F27B7BF87002E2FDE /* BasicResponse.swift in Sources */ = {isa = PBXBuildFile; fileRef = EE0C276E27B7BF87002E2FDE /* BasicResponse.swift */; };
		EEFE6B0027B710870005D536 /* AppDelegate.swift in Sources */ = {isa = PBXBuildFile; fileRef = EEFE6AFF27B710870005D536 /* AppDelegate.swift */; };
		EEFE6B0227B710870005D536 /* SceneDelegate.swift in Sources */ = {isa = PBXBuildFile; fileRef = EEFE6B0127B710870005D536 /* SceneDelegate.swift */; };
		EEFE6B0427B710870005D536 /* ViewController.swift in Sources */ = {isa = PBXBuildFile; fileRef = EEFE6B0327B710870005D536 /* ViewController.swift */; };
		EEFE6B0727B710870005D536 /* Main.storyboard in Resources */ = {isa = PBXBuildFile; fileRef = EEFE6B0527B710870005D536 /* Main.storyboard */; };
		EEFE6B0927B710890005D536 /* Assets.xcassets in Resources */ = {isa = PBXBuildFile; fileRef = EEFE6B0827B710890005D536 /* Assets.xcassets */; };
		EEFE6B0C27B710890005D536 /* LaunchScreen.storyboard in Resources */ = {isa = PBXBuildFile; fileRef = EEFE6B0A27B710890005D536 /* LaunchScreen.storyboard */; };
		EEFE6B1727B710890005D536 /* chat_pageTests.swift in Sources */ = {isa = PBXBuildFile; fileRef = EEFE6B1627B710890005D536 /* chat_pageTests.swift */; };
		EEFE6B2127B710890005D536 /* chat_pageUITests.swift in Sources */ = {isa = PBXBuildFile; fileRef = EEFE6B2027B710890005D536 /* chat_pageUITests.swift */; };
		EEFE6B2327B710890005D536 /* chat_pageUITestsLaunchTests.swift in Sources */ = {isa = PBXBuildFile; fileRef = EEFE6B2227B710890005D536 /* chat_pageUITestsLaunchTests.swift */; };
/* End PBXBuildFile section */

/* Begin PBXContainerItemProxy section */
		EEFE6B1327B710890005D536 /* PBXContainerItemProxy */ = {
			isa = PBXContainerItemProxy;
			containerPortal = EEFE6AF427B710860005D536 /* Project object */;
			proxyType = 1;
			remoteGlobalIDString = EEFE6AFB27B710860005D536;
			remoteInfo = "chat-page";
		};
		EEFE6B1D27B710890005D536 /* PBXContainerItemProxy */ = {
			isa = PBXContainerItemProxy;
			containerPortal = EEFE6AF427B710860005D536 /* Project object */;
			proxyType = 1;
			remoteGlobalIDString = EEFE6AFB27B710860005D536;
			remoteInfo = "chat-page";
		};
/* End PBXContainerItemProxy section */

/* Begin PBXFileReference section */
		06EAB9CA1E0E8AAEE1F197B4 /* Pods_chat_pageTests.framework */ = {isa = PBXFileReference; explicitFileType = wrapper.framework; includeInIndex = 0; path = Pods_chat_pageTests.framework; sourceTree = BUILT_PRODUCTS_DIR; };
		19DDC92325B295C7603AAC37 /* Pods-chat-pageTests.release.xcconfig */ = {isa = PBXFileReference; includeInIndex = 1; lastKnownFileType = text.xcconfig; name = "Pods-chat-pageTests.release.xcconfig"; path = "Target Support Files/Pods-chat-pageTests/Pods-chat-pageTests.release.xcconfig"; sourceTree = "<group>"; };
		19F687CE5D2A5C6AFD338D21 /* Pods-chat-page.release.xcconfig */ = {isa = PBXFileReference; includeInIndex = 1; lastKnownFileType = text.xcconfig; name = "Pods-chat-page.release.xcconfig"; path = "Target Support Files/Pods-chat-page/Pods-chat-page.release.xcconfig"; sourceTree = "<group>"; };
		513119410710534AE8B53DB4 /* Pods-chat-page-chat-pageUITests.debug.xcconfig */ = {isa = PBXFileReference; includeInIndex = 1; lastKnownFileType = text.xcconfig; name = "Pods-chat-page-chat-pageUITests.debug.xcconfig"; path = "Target Support Files/Pods-chat-page-chat-pageUITests/Pods-chat-page-chat-pageUITests.debug.xcconfig"; sourceTree = "<group>"; };
		8870F90D4400FEF2AE89DA25 /* Pods-chat-page-chat-pageUITests.release.xcconfig */ = {isa = PBXFileReference; includeInIndex = 1; lastKnownFileType = text.xcconfig; name = "Pods-chat-page-chat-pageUITests.release.xcconfig"; path = "Target Support Files/Pods-chat-page-chat-pageUITests/Pods-chat-page-chat-pageUITests.release.xcconfig"; sourceTree = "<group>"; };
		B5B45361BFAB189DCAE6FDED /* Pods_chat_page.framework */ = {isa = PBXFileReference; explicitFileType = wrapper.framework; includeInIndex = 0; path = Pods_chat_page.framework; sourceTree = BUILT_PRODUCTS_DIR; };
		D14EE9C2A295EA71B67A1CB8 /* Pods-chat-pageTests.debug.xcconfig */ = {isa = PBXFileReference; includeInIndex = 1; lastKnownFileType = text.xcconfig; name = "Pods-chat-pageTests.debug.xcconfig"; path = "Target Support Files/Pods-chat-pageTests/Pods-chat-pageTests.debug.xcconfig"; sourceTree = "<group>"; };
		EE0C275D27B72501002E2FDE /* Message.swift */ = {isa = PBXFileReference; lastKnownFileType = sourcecode.swift; path = Message.swift; sourceTree = "<group>"; };
		EE0C276127B72C88002E2FDE /* User.swift */ = {isa = PBXFileReference; lastKnownFileType = sourcecode.swift; path = User.swift; sourceTree = "<group>"; };
		EE0C276727B7AF20002E2FDE /* Conf.swift */ = {isa = PBXFileReference; lastKnownFileType = sourcecode.swift; path = Conf.swift; sourceTree = "<group>"; };
		EE0C276927B7BD67002E2FDE /* APIManager.swift */ = {isa = PBXFileReference; lastKnownFileType = sourcecode.swift; path = APIManager.swift; sourceTree = "<group>"; };
		EE0C276C27B7BF3F002E2FDE /* RegisterResponse.swift */ = {isa = PBXFileReference; lastKnownFileType = sourcecode.swift; path = RegisterResponse.swift; sourceTree = "<group>"; };
		EE0C276E27B7BF87002E2FDE /* BasicResponse.swift */ = {isa = PBXFileReference; lastKnownFileType = sourcecode.swift; path = BasicResponse.swift; sourceTree = "<group>"; };
		EEFE6AFC27B710860005D536 /* chat-page.app */ = {isa = PBXFileReference; explicitFileType = wrapper.application; includeInIndex = 0; path = "chat-page.app"; sourceTree = BUILT_PRODUCTS_DIR; };
		EEFE6AFF27B710870005D536 /* AppDelegate.swift */ = {isa = PBXFileReference; lastKnownFileType = sourcecode.swift; path = AppDelegate.swift; sourceTree = "<group>"; };
		EEFE6B0127B710870005D536 /* SceneDelegate.swift */ = {isa = PBXFileReference; lastKnownFileType = sourcecode.swift; path = SceneDelegate.swift; sourceTree = "<group>"; };
		EEFE6B0327B710870005D536 /* ViewController.swift */ = {isa = PBXFileReference; lastKnownFileType = sourcecode.swift; path = ViewController.swift; sourceTree = "<group>"; };
		EEFE6B0627B710870005D536 /* Base */ = {isa = PBXFileReference; lastKnownFileType = file.storyboard; name = Base; path = Base.lproj/Main.storyboard; sourceTree = "<group>"; };
		EEFE6B0827B710890005D536 /* Assets.xcassets */ = {isa = PBXFileReference; lastKnownFileType = folder.assetcatalog; path = Assets.xcassets; sourceTree = "<group>"; };
		EEFE6B0B27B710890005D536 /* Base */ = {isa = PBXFileReference; lastKnownFileType = file.storyboard; name = Base; path = Base.lproj/LaunchScreen.storyboard; sourceTree = "<group>"; };
		EEFE6B0D27B710890005D536 /* Info.plist */ = {isa = PBXFileReference; lastKnownFileType = text.plist.xml; path = Info.plist; sourceTree = "<group>"; };
		EEFE6B1227B710890005D536 /* chat-pageTests.xctest */ = {isa = PBXFileReference; explicitFileType = wrapper.cfbundle; includeInIndex = 0; path = "chat-pageTests.xctest"; sourceTree = BUILT_PRODUCTS_DIR; };
		EEFE6B1627B710890005D536 /* chat_pageTests.swift */ = {isa = PBXFileReference; lastKnownFileType = sourcecode.swift; path = chat_pageTests.swift; sourceTree = "<group>"; };
		EEFE6B1C27B710890005D536 /* chat-pageUITests.xctest */ = {isa = PBXFileReference; explicitFileType = wrapper.cfbundle; includeInIndex = 0; path = "chat-pageUITests.xctest"; sourceTree = BUILT_PRODUCTS_DIR; };
		EEFE6B2027B710890005D536 /* chat_pageUITests.swift */ = {isa = PBXFileReference; lastKnownFileType = sourcecode.swift; path = chat_pageUITests.swift; sourceTree = "<group>"; };
		EEFE6B2227B710890005D536 /* chat_pageUITestsLaunchTests.swift */ = {isa = PBXFileReference; lastKnownFileType = sourcecode.swift; path = chat_pageUITestsLaunchTests.swift; sourceTree = "<group>"; };
		FAF8E8E529419FAF3AFA9287 /* Pods_chat_page_chat_pageUITests.framework */ = {isa = PBXFileReference; explicitFileType = wrapper.framework; includeInIndex = 0; path = Pods_chat_page_chat_pageUITests.framework; sourceTree = BUILT_PRODUCTS_DIR; };
		FE4ADAC5AB191371CC40D83D /* Pods-chat-page.debug.xcconfig */ = {isa = PBXFileReference; includeInIndex = 1; lastKnownFileType = text.xcconfig; name = "Pods-chat-page.debug.xcconfig"; path = "Target Support Files/Pods-chat-page/Pods-chat-page.debug.xcconfig"; sourceTree = "<group>"; };
/* End PBXFileReference section */

/* Begin PBXFrameworksBuildPhase section */
		EEFE6AF927B710860005D536 /* Frameworks */ = {
			isa = PBXFrameworksBuildPhase;
			buildActionMask = 2147483647;
			files = (
				59C14E4DA50E84DC7377E9C3 /* Pods_chat_page.framework in Frameworks */,
			);
			runOnlyForDeploymentPostprocessing = 0;
		};
		EEFE6B0F27B710890005D536 /* Frameworks */ = {
			isa = PBXFrameworksBuildPhase;
			buildActionMask = 2147483647;
			files = (
				1AF9876293D37D3A35078299 /* Pods_chat_pageTests.framework in Frameworks */,
			);
			runOnlyForDeploymentPostprocessing = 0;
		};
		EEFE6B1927B710890005D536 /* Frameworks */ = {
			isa = PBXFrameworksBuildPhase;
			buildActionMask = 2147483647;
			files = (
				3DC519D55BA784826983E7B3 /* Pods_chat_page_chat_pageUITests.framework in Frameworks */,
			);
			runOnlyForDeploymentPostprocessing = 0;
		};
/* End PBXFrameworksBuildPhase section */

/* Begin PBXGroup section */
		31CA6B5AA48207F07DCE1732 /* Pods */ = {
			isa = PBXGroup;
			children = (
				FE4ADAC5AB191371CC40D83D /* Pods-chat-page.debug.xcconfig */,
				19F687CE5D2A5C6AFD338D21 /* Pods-chat-page.release.xcconfig */,
				513119410710534AE8B53DB4 /* Pods-chat-page-chat-pageUITests.debug.xcconfig */,
				8870F90D4400FEF2AE89DA25 /* Pods-chat-page-chat-pageUITests.release.xcconfig */,
				D14EE9C2A295EA71B67A1CB8 /* Pods-chat-pageTests.debug.xcconfig */,
				19DDC92325B295C7603AAC37 /* Pods-chat-pageTests.release.xcconfig */,
			);
			path = Pods;
			sourceTree = "<group>";
		};
		5072E55AAF52EAA31877F5FB /* Frameworks */ = {
			isa = PBXGroup;
			children = (
				B5B45361BFAB189DCAE6FDED /* Pods_chat_page.framework */,
				FAF8E8E529419FAF3AFA9287 /* Pods_chat_page_chat_pageUITests.framework */,
				06EAB9CA1E0E8AAEE1F197B4 /* Pods_chat_pageTests.framework */,
			);
			name = Frameworks;
			sourceTree = "<group>";
		};
		EE0C276327B7AD56002E2FDE /* models */ = {
			isa = PBXGroup;
			children = (
				EE0C275D27B72501002E2FDE /* Message.swift */,
				EE0C276127B72C88002E2FDE /* User.swift */,
			);
			path = models;
			sourceTree = "<group>";
		};
		EE0C276427B7AD76002E2FDE /* controllers */ = {
			isa = PBXGroup;
			children = (
				EEFE6B0127B710870005D536 /* SceneDelegate.swift */,
				EEFE6B0327B710870005D536 /* ViewController.swift */,
			);
			path = controllers;
			sourceTree = "<group>";
		};
		EE0C276527B7AE58002E2FDE /* storyboards */ = {
			isa = PBXGroup;
			children = (
				EEFE6B0527B710870005D536 /* Main.storyboard */,
				EEFE6B0A27B710890005D536 /* LaunchScreen.storyboard */,
			);
			path = storyboards;
			sourceTree = "<group>";
		};
		EE0C276627B7AE8D002E2FDE /* conf */ = {
			isa = PBXGroup;
			children = (
				EE0C276727B7AF20002E2FDE /* Conf.swift */,
				EE0C276927B7BD67002E2FDE /* APIManager.swift */,
			);
			path = conf;
			sourceTree = "<group>";
		};
		EE0C276B27B7BF2C002E2FDE /* network */ = {
			isa = PBXGroup;
			children = (
				EE0C276C27B7BF3F002E2FDE /* RegisterResponse.swift */,
				EE0C276E27B7BF87002E2FDE /* BasicResponse.swift */,
			);
			path = network;
			sourceTree = "<group>";
		};
		EEFE6AF327B710860005D536 = {
			isa = PBXGroup;
			children = (
				EEFE6AFE27B710860005D536 /* chat-page */,
				EEFE6B1527B710890005D536 /* chat-pageTests */,
				EEFE6B1F27B710890005D536 /* chat-pageUITests */,
				EEFE6AFD27B710860005D536 /* Products */,
				31CA6B5AA48207F07DCE1732 /* Pods */,
				5072E55AAF52EAA31877F5FB /* Frameworks */,
			);
			sourceTree = "<group>";
		};
		EEFE6AFD27B710860005D536 /* Products */ = {
			isa = PBXGroup;
			children = (
				EEFE6AFC27B710860005D536 /* chat-page.app */,
				EEFE6B1227B710890005D536 /* chat-pageTests.xctest */,
				EEFE6B1C27B710890005D536 /* chat-pageUITests.xctest */,
			);
			name = Products;
			sourceTree = "<group>";
		};
		EEFE6AFE27B710860005D536 /* chat-page */ = {
			isa = PBXGroup;
			children = (
				EE0C276B27B7BF2C002E2FDE /* network */,
				EE0C276627B7AE8D002E2FDE /* conf */,
				EE0C276527B7AE58002E2FDE /* storyboards */,
				EE0C276427B7AD76002E2FDE /* controllers */,
				EE0C276327B7AD56002E2FDE /* models */,
				EEFE6AFF27B710870005D536 /* AppDelegate.swift */,
				EEFE6B0827B710890005D536 /* Assets.xcassets */,
				EEFE6B0D27B710890005D536 /* Info.plist */,
			);
			path = "chat-page";
			sourceTree = "<group>";
		};
		EEFE6B1527B710890005D536 /* chat-pageTests */ = {
			isa = PBXGroup;
			children = (
				EEFE6B1627B710890005D536 /* chat_pageTests.swift */,
			);
			path = "chat-pageTests";
			sourceTree = "<group>";
		};
		EEFE6B1F27B710890005D536 /* chat-pageUITests */ = {
			isa = PBXGroup;
			children = (
				EEFE6B2027B710890005D536 /* chat_pageUITests.swift */,
				EEFE6B2227B710890005D536 /* chat_pageUITestsLaunchTests.swift */,
			);
			path = "chat-pageUITests";
			sourceTree = "<group>";
		};
/* End PBXGroup section */

/* Begin PBXNativeTarget section */
		EEFE6AFB27B710860005D536 /* chat-page */ = {
			isa = PBXNativeTarget;
			buildConfigurationList = EEFE6B2627B710890005D536 /* Build configuration list for PBXNativeTarget "chat-page" */;
			buildPhases = (
				BBF41E03E24A577291477F21 /* [CP] Check Pods Manifest.lock */,
				EEFE6AF827B710860005D536 /* Sources */,
				EEFE6AF927B710860005D536 /* Frameworks */,
				EEFE6AFA27B710860005D536 /* Resources */,
				8FC6B22F72577AA29D0FB9BD /* [CP] Embed Pods Frameworks */,
			);
			buildRules = (
			);
			dependencies = (
			);
			name = "chat-page";
			productName = "chat-page";
			productReference = EEFE6AFC27B710860005D536 /* chat-page.app */;
			productType = "com.apple.product-type.application";
		};
		EEFE6B1127B710890005D536 /* chat-pageTests */ = {
			isa = PBXNativeTarget;
			buildConfigurationList = EEFE6B2927B710890005D536 /* Build configuration list for PBXNativeTarget "chat-pageTests" */;
			buildPhases = (
				CD7C62DCAB0C57BD9A31C890 /* [CP] Check Pods Manifest.lock */,
				EEFE6B0E27B710890005D536 /* Sources */,
				EEFE6B0F27B710890005D536 /* Frameworks */,
				EEFE6B1027B710890005D536 /* Resources */,
			);
			buildRules = (
			);
			dependencies = (
				EEFE6B1427B710890005D536 /* PBXTargetDependency */,
			);
			name = "chat-pageTests";
			productName = "chat-pageTests";
			productReference = EEFE6B1227B710890005D536 /* chat-pageTests.xctest */;
			productType = "com.apple.product-type.bundle.unit-test";
		};
		EEFE6B1B27B710890005D536 /* chat-pageUITests */ = {
			isa = PBXNativeTarget;
			buildConfigurationList = EEFE6B2C27B710890005D536 /* Build configuration list for PBXNativeTarget "chat-pageUITests" */;
			buildPhases = (
				0D2CDC49E42E85DC2CFCC2EF /* [CP] Check Pods Manifest.lock */,
				EEFE6B1827B710890005D536 /* Sources */,
				EEFE6B1927B710890005D536 /* Frameworks */,
				EEFE6B1A27B710890005D536 /* Resources */,
				CE202BA8E983CF6F97E6F0DE /* [CP] Embed Pods Frameworks */,
			);
			buildRules = (
			);
			dependencies = (
				EEFE6B1E27B710890005D536 /* PBXTargetDependency */,
			);
			name = "chat-pageUITests";
			productName = "chat-pageUITests";
			productReference = EEFE6B1C27B710890005D536 /* chat-pageUITests.xctest */;
			productType = "com.apple.product-type.bundle.ui-testing";
		};
/* End PBXNativeTarget section */

/* Begin PBXProject section */
		EEFE6AF427B710860005D536 /* Project object */ = {
			isa = PBXProject;
			attributes = {
				BuildIndependentTargetsInParallel = 1;
				LastSwiftUpdateCheck = 1310;
				LastUpgradeCheck = 1310;
				TargetAttributes = {
					EEFE6AFB27B710860005D536 = {
						CreatedOnToolsVersion = 13.1;
					};
					EEFE6B1127B710890005D536 = {
						CreatedOnToolsVersion = 13.1;
						TestTargetID = EEFE6AFB27B710860005D536;
					};
					EEFE6B1B27B710890005D536 = {
						CreatedOnToolsVersion = 13.1;
						TestTargetID = EEFE6AFB27B710860005D536;
					};
				};
			};
			buildConfigurationList = EEFE6AF727B710860005D536 /* Build configuration list for PBXProject "chat-page" */;
			compatibilityVersion = "Xcode 13.0";
			developmentRegion = en;
			hasScannedForEncodings = 0;
			knownRegions = (
				en,
				Base,
			);
			mainGroup = EEFE6AF327B710860005D536;
			productRefGroup = EEFE6AFD27B710860005D536 /* Products */;
			projectDirPath = "";
			projectRoot = "";
			targets = (
				EEFE6AFB27B710860005D536 /* chat-page */,
				EEFE6B1127B710890005D536 /* chat-pageTests */,
				EEFE6B1B27B710890005D536 /* chat-pageUITests */,
			);
		};
/* End PBXProject section */

/* Begin PBXResourcesBuildPhase section */
		EEFE6AFA27B710860005D536 /* Resources */ = {
			isa = PBXResourcesBuildPhase;
			buildActionMask = 2147483647;
			files = (
				EEFE6B0C27B710890005D536 /* LaunchScreen.storyboard in Resources */,
				EEFE6B0927B710890005D536 /* Assets.xcassets in Resources */,
				EEFE6B0727B710870005D536 /* Main.storyboard in Resources */,
			);
			runOnlyForDeploymentPostprocessing = 0;
		};
		EEFE6B1027B710890005D536 /* Resources */ = {
			isa = PBXResourcesBuildPhase;
			buildActionMask = 2147483647;
			files = (
			);
			runOnlyForDeploymentPostprocessing = 0;
		};
		EEFE6B1A27B710890005D536 /* Resources */ = {
			isa = PBXResourcesBuildPhase;
			buildActionMask = 2147483647;
			files = (
			);
			runOnlyForDeploymentPostprocessing = 0;
		};
/* End PBXResourcesBuildPhase section */

/* Begin PBXShellScriptBuildPhase section */
		0D2CDC49E42E85DC2CFCC2EF /* [CP] Check Pods Manifest.lock */ = {
			isa = PBXShellScriptBuildPhase;
			buildActionMask = 2147483647;
			files = (
			);
			inputFileListPaths = (
			);
			inputPaths = (
				"${PODS_PODFILE_DIR_PATH}/Podfile.lock",
				"${PODS_ROOT}/Manifest.lock",
			);
			name = "[CP] Check Pods Manifest.lock";
			outputFileListPaths = (
			);
			outputPaths = (
				"$(DERIVED_FILE_DIR)/Pods-chat-page-chat-pageUITests-checkManifestLockResult.txt",
			);
			runOnlyForDeploymentPostprocessing = 0;
			shellPath = /bin/sh;
			shellScript = "diff \"${PODS_PODFILE_DIR_PATH}/Podfile.lock\" \"${PODS_ROOT}/Manifest.lock\" > /dev/null\nif [ $? != 0 ] ; then\n    # print error to STDERR\n    echo \"error: The sandbox is not in sync with the Podfile.lock. Run 'pod install' or update your CocoaPods installation.\" >&2\n    exit 1\nfi\n# This output is used by Xcode 'outputs' to avoid re-running this script phase.\necho \"SUCCESS\" > \"${SCRIPT_OUTPUT_FILE_0}\"\n";
			showEnvVarsInLog = 0;
		};
		8FC6B22F72577AA29D0FB9BD /* [CP] Embed Pods Frameworks */ = {
			isa = PBXShellScriptBuildPhase;
			buildActionMask = 2147483647;
			files = (
			);
			inputFileListPaths = (
				"${PODS_ROOT}/Target Support Files/Pods-chat-page/Pods-chat-page-frameworks-${CONFIGURATION}-input-files.xcfilelist",
			);
			name = "[CP] Embed Pods Frameworks";
			outputFileListPaths = (
				"${PODS_ROOT}/Target Support Files/Pods-chat-page/Pods-chat-page-frameworks-${CONFIGURATION}-output-files.xcfilelist",
			);
			runOnlyForDeploymentPostprocessing = 0;
			shellPath = /bin/sh;
			shellScript = "\"${PODS_ROOT}/Target Support Files/Pods-chat-page/Pods-chat-page-frameworks.sh\"\n";
			showEnvVarsInLog = 0;
		};
		BBF41E03E24A577291477F21 /* [CP] Check Pods Manifest.lock */ = {
			isa = PBXShellScriptBuildPhase;
			buildActionMask = 2147483647;
			files = (
			);
			inputFileListPaths = (
			);
			inputPaths = (
				"${PODS_PODFILE_DIR_PATH}/Podfile.lock",
				"${PODS_ROOT}/Manifest.lock",
			);
			name = "[CP] Check Pods Manifest.lock";
			outputFileListPaths = (
			);
			outputPaths = (
				"$(DERIVED_FILE_DIR)/Pods-chat-page-checkManifestLockResult.txt",
			);
			runOnlyForDeploymentPostprocessing = 0;
			shellPath = /bin/sh;
			shellScript = "diff \"${PODS_PODFILE_DIR_PATH}/Podfile.lock\" \"${PODS_ROOT}/Manifest.lock\" > /dev/null\nif [ $? != 0 ] ; then\n    # print error to STDERR\n    echo \"error: The sandbox is not in sync with the Podfile.lock. Run 'pod install' or update your CocoaPods installation.\" >&2\n    exit 1\nfi\n# This output is used by Xcode 'outputs' to avoid re-running this script phase.\necho \"SUCCESS\" > \"${SCRIPT_OUTPUT_FILE_0}\"\n";
			showEnvVarsInLog = 0;
		};
		CD7C62DCAB0C57BD9A31C890 /* [CP] Check Pods Manifest.lock */ = {
			isa = PBXShellScriptBuildPhase;
			buildActionMask = 2147483647;
			files = (
			);
			inputFileListPaths = (
			);
			inputPaths = (
				"${PODS_PODFILE_DIR_PATH}/Podfile.lock",
				"${PODS_ROOT}/Manifest.lock",
			);
			name = "[CP] Check Pods Manifest.lock";
			outputFileListPaths = (
			);
			outputPaths = (
				"$(DERIVED_FILE_DIR)/Pods-chat-pageTests-checkManifestLockResult.txt",
			);
			runOnlyForDeploymentPostprocessing = 0;
			shellPath = /bin/sh;
			shellScript = "diff \"${PODS_PODFILE_DIR_PATH}/Podfile.lock\" \"${PODS_ROOT}/Manifest.lock\" > /dev/null\nif [ $? != 0 ] ; then\n    # print error to STDERR\n    echo \"error: The sandbox is not in sync with the Podfile.lock. Run 'pod install' or update your CocoaPods installation.\" >&2\n    exit 1\nfi\n# This output is used by Xcode 'outputs' to avoid re-running this script phase.\necho \"SUCCESS\" > \"${SCRIPT_OUTPUT_FILE_0}\"\n";
			showEnvVarsInLog = 0;
		};
		CE202BA8E983CF6F97E6F0DE /* [CP] Embed Pods Frameworks */ = {
			isa = PBXShellScriptBuildPhase;
			buildActionMask = 2147483647;
			files = (
			);
			inputFileListPaths = (
				"${PODS_ROOT}/Target Support Files/Pods-chat-page-chat-pageUITests/Pods-chat-page-chat-pageUITests-frameworks-${CONFIGURATION}-input-files.xcfilelist",
			);
			name = "[CP] Embed Pods Frameworks";
			outputFileListPaths = (
				"${PODS_ROOT}/Target Support Files/Pods-chat-page-chat-pageUITests/Pods-chat-page-chat-pageUITests-frameworks-${CONFIGURATION}-output-files.xcfilelist",
			);
			runOnlyForDeploymentPostprocessing = 0;
			shellPath = /bin/sh;
			shellScript = "\"${PODS_ROOT}/Target Support Files/Pods-chat-page-chat-pageUITests/Pods-chat-page-chat-pageUITests-frameworks.sh\"\n";
			showEnvVarsInLog = 0;
		};
/* End PBXShellScriptBuildPhase section */

/* Begin PBXSourcesBuildPhase section */
		EEFE6AF827B710860005D536 /* Sources */ = {
			isa = PBXSourcesBuildPhase;
			buildActionMask = 2147483647;
			files = (
				EE0C276F27B7BF87002E2FDE /* BasicResponse.swift in Sources */,
				EEFE6B0427B710870005D536 /* ViewController.swift in Sources */,
				EE0C276227B72C88002E2FDE /* User.swift in Sources */,
				EE0C275E27B72501002E2FDE /* Message.swift in Sources */,
				EE0C276827B7AF20002E2FDE /* Conf.swift in Sources */,
				EEFE6B0027B710870005D536 /* AppDelegate.swift in Sources */,
				EE0C276D27B7BF3F002E2FDE /* RegisterResponse.swift in Sources */,
				EEFE6B0227B710870005D536 /* SceneDelegate.swift in Sources */,
				EE0C276A27B7BD67002E2FDE /* APIManager.swift in Sources */,
			);
			runOnlyForDeploymentPostprocessing = 0;
		};
		EEFE6B0E27B710890005D536 /* Sources */ = {
			isa = PBXSourcesBuildPhase;
			buildActionMask = 2147483647;
			files = (
				EEFE6B1727B710890005D536 /* chat_pageTests.swift in Sources */,
			);
			runOnlyForDeploymentPostprocessing = 0;
		};
		EEFE6B1827B710890005D536 /* Sources */ = {
			isa = PBXSourcesBuildPhase;
			buildActionMask = 2147483647;
			files = (
				EEFE6B2127B710890005D536 /* chat_pageUITests.swift in Sources */,
				EEFE6B2327B710890005D536 /* chat_pageUITestsLaunchTests.swift in Sources */,
			);
			runOnlyForDeploymentPostprocessing = 0;
		};
/* End PBXSourcesBuildPhase section */

/* Begin PBXTargetDependency section */
		EEFE6B1427B710890005D536 /* PBXTargetDependency */ = {
			isa = PBXTargetDependency;
			target = EEFE6AFB27B710860005D536 /* chat-page */;
			targetProxy = EEFE6B1327B710890005D536 /* PBXContainerItemProxy */;
		};
		EEFE6B1E27B710890005D536 /* PBXTargetDependency */ = {
			isa = PBXTargetDependency;
			target = EEFE6AFB27B710860005D536 /* chat-page */;
			targetProxy = EEFE6B1D27B710890005D536 /* PBXContainerItemProxy */;
		};
/* End PBXTargetDependency section */

/* Begin PBXVariantGroup section */
		EEFE6B0527B710870005D536 /* Main.storyboard */ = {
			isa = PBXVariantGroup;
			children = (
				EEFE6B0627B710870005D536 /* Base */,
			);
			name = Main.storyboard;
			sourceTree = "<group>";
		};
		EEFE6B0A27B710890005D536 /* LaunchScreen.storyboard */ = {
			isa = PBXVariantGroup;
			children = (
				EEFE6B0B27B710890005D536 /* Base */,
			);
			name = LaunchScreen.storyboard;
			sourceTree = "<group>";
		};
/* End PBXVariantGroup section */

/* Begin XCBuildConfiguration section */
		EEFE6B2427B710890005D536 /* Debug */ = {
			isa = XCBuildConfiguration;
			buildSettings = {
				ALWAYS_SEARCH_USER_PATHS = NO;
				CLANG_ANALYZER_NONNULL = YES;
				CLANG_ANALYZER_NUMBER_OBJECT_CONVERSION = YES_AGGRESSIVE;
				CLANG_CXX_LANGUAGE_STANDARD = "gnu++17";
				CLANG_CXX_LIBRARY = "libc++";
				CLANG_ENABLE_MODULES = YES;
				CLANG_ENABLE_OBJC_ARC = YES;
				CLANG_ENABLE_OBJC_WEAK = YES;
				CLANG_WARN_BLOCK_CAPTURE_AUTORELEASING = YES;
				CLANG_WARN_BOOL_CONVERSION = YES;
				CLANG_WARN_COMMA = YES;
				CLANG_WARN_CONSTANT_CONVERSION = YES;
				CLANG_WARN_DEPRECATED_OBJC_IMPLEMENTATIONS = YES;
				CLANG_WARN_DIRECT_OBJC_ISA_USAGE = YES_ERROR;
				CLANG_WARN_DOCUMENTATION_COMMENTS = YES;
				CLANG_WARN_EMPTY_BODY = YES;
				CLANG_WARN_ENUM_CONVERSION = YES;
				CLANG_WARN_INFINITE_RECURSION = YES;
				CLANG_WARN_INT_CONVERSION = YES;
				CLANG_WARN_NON_LITERAL_NULL_CONVERSION = YES;
				CLANG_WARN_OBJC_IMPLICIT_RETAIN_SELF = YES;
				CLANG_WARN_OBJC_LITERAL_CONVERSION = YES;
				CLANG_WARN_OBJC_ROOT_CLASS = YES_ERROR;
				CLANG_WARN_QUOTED_INCLUDE_IN_FRAMEWORK_HEADER = YES;
				CLANG_WARN_RANGE_LOOP_ANALYSIS = YES;
				CLANG_WARN_STRICT_PROTOTYPES = YES;
				CLANG_WARN_SUSPICIOUS_MOVE = YES;
				CLANG_WARN_UNGUARDED_AVAILABILITY = YES_AGGRESSIVE;
				CLANG_WARN_UNREACHABLE_CODE = YES;
				CLANG_WARN__DUPLICATE_METHOD_MATCH = YES;
				COPY_PHASE_STRIP = NO;
				DEBUG_INFORMATION_FORMAT = dwarf;
				ENABLE_STRICT_OBJC_MSGSEND = YES;
				ENABLE_TESTABILITY = YES;
				GCC_C_LANGUAGE_STANDARD = gnu11;
				GCC_DYNAMIC_NO_PIC = NO;
				GCC_NO_COMMON_BLOCKS = YES;
				GCC_OPTIMIZATION_LEVEL = 0;
				GCC_PREPROCESSOR_DEFINITIONS = (
					"DEBUG=1",
					"$(inherited)",
				);
				GCC_WARN_64_TO_32_BIT_CONVERSION = YES;
				GCC_WARN_ABOUT_RETURN_TYPE = YES_ERROR;
				GCC_WARN_UNDECLARED_SELECTOR = YES;
				GCC_WARN_UNINITIALIZED_AUTOS = YES_AGGRESSIVE;
				GCC_WARN_UNUSED_FUNCTION = YES;
				GCC_WARN_UNUSED_VARIABLE = YES;
				IPHONEOS_DEPLOYMENT_TARGET = 15.0;
				MTL_ENABLE_DEBUG_INFO = INCLUDE_SOURCE;
				MTL_FAST_MATH = YES;
				ONLY_ACTIVE_ARCH = YES;
				SDKROOT = iphoneos;
				SWIFT_ACTIVE_COMPILATION_CONDITIONS = DEBUG;
				SWIFT_OPTIMIZATION_LEVEL = "-Onone";
			};
			name = Debug;
		};
		EEFE6B2527B710890005D536 /* Release */ = {
			isa = XCBuildConfiguration;
			buildSettings = {
				ALWAYS_SEARCH_USER_PATHS = NO;
				CLANG_ANALYZER_NONNULL = YES;
				CLANG_ANALYZER_NUMBER_OBJECT_CONVERSION = YES_AGGRESSIVE;
				CLANG_CXX_LANGUAGE_STANDARD = "gnu++17";
				CLANG_CXX_LIBRARY = "libc++";
				CLANG_ENABLE_MODULES = YES;
				CLANG_ENABLE_OBJC_ARC = YES;
				CLANG_ENABLE_OBJC_WEAK = YES;
				CLANG_WARN_BLOCK_CAPTURE_AUTORELEASING = YES;
				CLANG_WARN_BOOL_CONVERSION = YES;
				CLANG_WARN_COMMA = YES;
				CLANG_WARN_CONSTANT_CONVERSION = YES;
				CLANG_WARN_DEPRECATED_OBJC_IMPLEMENTATIONS = YES;
				CLANG_WARN_DIRECT_OBJC_ISA_USAGE = YES_ERROR;
				CLANG_WARN_DOCUMENTATION_COMMENTS = YES;
				CLANG_WARN_EMPTY_BODY = YES;
				CLANG_WARN_ENUM_CONVERSION = YES;
				CLANG_WARN_INFINITE_RECURSION = YES;
				CLANG_WARN_INT_CONVERSION = YES;
				CLANG_WARN_NON_LITERAL_NULL_CONVERSION = YES;
				CLANG_WARN_OBJC_IMPLICIT_RETAIN_SELF = YES;
				CLANG_WARN_OBJC_LITERAL_CONVERSION = YES;
				CLANG_WARN_OBJC_ROOT_CLASS = YES_ERROR;
				CLANG_WARN_QUOTED_INCLUDE_IN_FRAMEWORK_HEADER = YES;
				CLANG_WARN_RANGE_LOOP_ANALYSIS = YES;
				CLANG_WARN_STRICT_PROTOTYPES = YES;
				CLANG_WARN_SUSPICIOUS_MOVE = YES;
				CLANG_WARN_UNGUARDED_AVAILABILITY = YES_AGGRESSIVE;
				CLANG_WARN_UNREACHABLE_CODE = YES;
				CLANG_WARN__DUPLICATE_METHOD_MATCH = YES;
				COPY_PHASE_STRIP = NO;
				DEBUG_INFORMATION_FORMAT = "dwarf-with-dsym";
				ENABLE_NS_ASSERTIONS = NO;
				ENABLE_STRICT_OBJC_MSGSEND = YES;
				GCC_C_LANGUAGE_STANDARD = gnu11;
				GCC_NO_COMMON_BLOCKS = YES;
				GCC_WARN_64_TO_32_BIT_CONVERSION = YES;
				GCC_WARN_ABOUT_RETURN_TYPE = YES_ERROR;
				GCC_WARN_UNDECLARED_SELECTOR = YES;
				GCC_WARN_UNINITIALIZED_AUTOS = YES_AGGRESSIVE;
				GCC_WARN_UNUSED_FUNCTION = YES;
				GCC_WARN_UNUSED_VARIABLE = YES;
				IPHONEOS_DEPLOYMENT_TARGET = 15.0;
				MTL_ENABLE_DEBUG_INFO = NO;
				MTL_FAST_MATH = YES;
				SDKROOT = iphoneos;
				SWIFT_COMPILATION_MODE = wholemodule;
				SWIFT_OPTIMIZATION_LEVEL = "-O";
				VALIDATE_PRODUCT = YES;
			};
			name = Release;
		};
		EEFE6B2727B710890005D536 /* Debug */ = {
			isa = XCBuildConfiguration;
			baseConfigurationReference = FE4ADAC5AB191371CC40D83D /* Pods-chat-page.debug.xcconfig */;
			buildSettings = {
				ASSETCATALOG_COMPILER_APPICON_NAME = AppIcon;
				ASSETCATALOG_COMPILER_GLOBAL_ACCENT_COLOR_NAME = AccentColor;
				CODE_SIGN_STYLE = Automatic;
				CURRENT_PROJECT_VERSION = 1;
				DEVELOPMENT_TEAM = WK3MG9PTZP;
				GENERATE_INFOPLIST_FILE = YES;
				INFOPLIST_FILE = "chat-page/Info.plist";
				INFOPLIST_KEY_UIApplicationSupportsIndirectInputEvents = YES;
				INFOPLIST_KEY_UILaunchStoryboardName = LaunchScreen;
				INFOPLIST_KEY_UIMainStoryboardFile = Main;
				INFOPLIST_KEY_UISupportedInterfaceOrientations_iPad = "UIInterfaceOrientationPortrait UIInterfaceOrientationPortraitUpsideDown UIInterfaceOrientationLandscapeLeft UIInterfaceOrientationLandscapeRight";
				INFOPLIST_KEY_UISupportedInterfaceOrientations_iPhone = "UIInterfaceOrientationPortrait UIInterfaceOrientationLandscapeLeft UIInterfaceOrientationLandscapeRight";
				LD_RUNPATH_SEARCH_PATHS = (
					"$(inherited)",
					"@executable_path/Frameworks",
				);
				MARKETING_VERSION = 1.0;
				PRODUCT_BUNDLE_IDENTIFIER = "www.com.chat-page.chat-page";
				PRODUCT_NAME = "$(TARGET_NAME)";
				SWIFT_EMIT_LOC_STRINGS = YES;
				SWIFT_VERSION = 5.0;
				TARGETED_DEVICE_FAMILY = "1,2";
			};
			name = Debug;
		};
		EEFE6B2827B710890005D536 /* Release */ = {
			isa = XCBuildConfiguration;
			baseConfigurationReference = 19F687CE5D2A5C6AFD338D21 /* Pods-chat-page.release.xcconfig */;
			buildSettings = {
				ASSETCATALOG_COMPILER_APPICON_NAME = AppIcon;
				ASSETCATALOG_COMPILER_GLOBAL_ACCENT_COLOR_NAME = AccentColor;
				CODE_SIGN_STYLE = Automatic;
				CURRENT_PROJECT_VERSION = 1;
				DEVELOPMENT_TEAM = WK3MG9PTZP;
				GENERATE_INFOPLIST_FILE = YES;
				INFOPLIST_FILE = "chat-page/Info.plist";
				INFOPLIST_KEY_UIApplicationSupportsIndirectInputEvents = YES;
				INFOPLIST_KEY_UILaunchStoryboardName = LaunchScreen;
				INFOPLIST_KEY_UIMainStoryboardFile = Main;
				INFOPLIST_KEY_UISupportedInterfaceOrientations_iPad = "UIInterfaceOrientationPortrait UIInterfaceOrientationPortraitUpsideDown UIInterfaceOrientationLandscapeLeft UIInterfaceOrientationLandscapeRight";
				INFOPLIST_KEY_UISupportedInterfaceOrientations_iPhone = "UIInterfaceOrientationPortrait UIInterfaceOrientationLandscapeLeft UIInterfaceOrientationLandscapeRight";
				LD_RUNPATH_SEARCH_PATHS = (
					"$(inherited)",
					"@executable_path/Frameworks",
				);
				MARKETING_VERSION = 1.0;
				PRODUCT_BUNDLE_IDENTIFIER = "www.com.chat-page.chat-page";
				PRODUCT_NAME = "$(TARGET_NAME)";
				SWIFT_EMIT_LOC_STRINGS = YES;
				SWIFT_VERSION = 5.0;
				TARGETED_DEVICE_FAMILY = "1,2";
			};
			name = Release;
		};
		EEFE6B2A27B710890005D536 /* Debug */ = {
			isa = XCBuildConfiguration;
			baseConfigurationReference = D14EE9C2A295EA71B67A1CB8 /* Pods-chat-pageTests.debug.xcconfig */;
			buildSettings = {
				ALWAYS_EMBED_SWIFT_STANDARD_LIBRARIES = YES;
				BUNDLE_LOADER = "$(TEST_HOST)";
				CODE_SIGN_STYLE = Automatic;
				CURRENT_PROJECT_VERSION = 1;
				DEVELOPMENT_TEAM = WK3MG9PTZP;
				GENERATE_INFOPLIST_FILE = YES;
				IPHONEOS_DEPLOYMENT_TARGET = 15.0;
				LD_RUNPATH_SEARCH_PATHS = (
					"$(inherited)",
					"@executable_path/Frameworks",
					"@loader_path/Frameworks",
				);
				MARKETING_VERSION = 1.0;
				PRODUCT_BUNDLE_IDENTIFIER = "www.com.chat-page.chat-pageTests";
				PRODUCT_NAME = "$(TARGET_NAME)";
				SWIFT_EMIT_LOC_STRINGS = NO;
				SWIFT_VERSION = 5.0;
				TARGETED_DEVICE_FAMILY = "1,2";
				TEST_HOST = "$(BUILT_PRODUCTS_DIR)/chat-page.app/chat-page";
			};
			name = Debug;
		};
		EEFE6B2B27B710890005D536 /* Release */ = {
			isa = XCBuildConfiguration;
			baseConfigurationReference = 19DDC92325B295C7603AAC37 /* Pods-chat-pageTests.release.xcconfig */;
			buildSettings = {
				ALWAYS_EMBED_SWIFT_STANDARD_LIBRARIES = YES;
				BUNDLE_LOADER = "$(TEST_HOST)";
				CODE_SIGN_STYLE = Automatic;
				CURRENT_PROJECT_VERSION = 1;
				DEVELOPMENT_TEAM = WK3MG9PTZP;
				GENERATE_INFOPLIST_FILE = YES;
				IPHONEOS_DEPLOYMENT_TARGET = 15.0;
				LD_RUNPATH_SEARCH_PATHS = (
					"$(inherited)",
					"@executable_path/Frameworks",
					"@loader_path/Frameworks",
				);
				MARKETING_VERSION = 1.0;
				PRODUCT_BUNDLE_IDENTIFIER = "www.com.chat-page.chat-pageTests";
				PRODUCT_NAME = "$(TARGET_NAME)";
				SWIFT_EMIT_LOC_STRINGS = NO;
				SWIFT_VERSION = 5.0;
				TARGETED_DEVICE_FAMILY = "1,2";
				TEST_HOST = "$(BUILT_PRODUCTS_DIR)/chat-page.app/chat-page";
			};
			name = Release;
		};
		EEFE6B2D27B710890005D536 /* Debug */ = {
			isa = XCBuildConfiguration;
			baseConfigurationReference = 513119410710534AE8B53DB4 /* Pods-chat-page-chat-pageUITests.debug.xcconfig */;
			buildSettings = {
				ALWAYS_EMBED_SWIFT_STANDARD_LIBRARIES = YES;
				CODE_SIGN_STYLE = Automatic;
				CURRENT_PROJECT_VERSION = 1;
				DEVELOPMENT_TEAM = WK3MG9PTZP;
				GENERATE_INFOPLIST_FILE = YES;
				LD_RUNPATH_SEARCH_PATHS = (
					"$(inherited)",
					"@executable_path/Frameworks",
					"@loader_path/Frameworks",
				);
				MARKETING_VERSION = 1.0;
				PRODUCT_BUNDLE_IDENTIFIER = "www.com.chat-page.chat-pageUITests";
				PRODUCT_NAME = "$(TARGET_NAME)";
				SWIFT_EMIT_LOC_STRINGS = NO;
				SWIFT_VERSION = 5.0;
				TARGETED_DEVICE_FAMILY = "1,2";
				TEST_TARGET_NAME = "chat-page";
			};
			name = Debug;
		};
		EEFE6B2E27B710890005D536 /* Release */ = {
			isa = XCBuildConfiguration;
			baseConfigurationReference = 8870F90D4400FEF2AE89DA25 /* Pods-chat-page-chat-pageUITests.release.xcconfig */;
			buildSettings = {
				ALWAYS_EMBED_SWIFT_STANDARD_LIBRARIES = YES;
				CODE_SIGN_STYLE = Automatic;
				CURRENT_PROJECT_VERSION = 1;
				DEVELOPMENT_TEAM = WK3MG9PTZP;
				GENERATE_INFOPLIST_FILE = YES;
				LD_RUNPATH_SEARCH_PATHS = (
					"$(inherited)",
					"@executable_path/Frameworks",
					"@loader_path/Frameworks",
				);
				MARKETING_VERSION = 1.0;
				PRODUCT_BUNDLE_IDENTIFIER = "www.com.chat-page.chat-pageUITests";
				PRODUCT_NAME = "$(TARGET_NAME)";
				SWIFT_EMIT_LOC_STRINGS = NO;
				SWIFT_VERSION = 5.0;
				TARGETED_DEVICE_FAMILY = "1,2";
				TEST_TARGET_NAME = "chat-page";
			};
			name = Release;
		};
/* End XCBuildConfiguration section */

/* Begin XCConfigurationList section */
		EEFE6AF727B710860005D536 /* Build configuration list for PBXProject "chat-page" */ = {
			isa = XCConfigurationList;
			buildConfigurations = (
				EEFE6B2427B710890005D536 /* Debug */,
				EEFE6B2527B710890005D536 /* Release */,
			);
			defaultConfigurationIsVisible = 0;
			defaultConfigurationName = Release;
		};
		EEFE6B2627B710890005D536 /* Build configuration list for PBXNativeTarget "chat-page" */ = {
			isa = XCConfigurationList;
			buildConfigurations = (
				EEFE6B2727B710890005D536 /* Debug */,
				EEFE6B2827B710890005D536 /* Release */,
			);
			defaultConfigurationIsVisible = 0;
			defaultConfigurationName = Release;
		};
		EEFE6B2927B710890005D536 /* Build configuration list for PBXNativeTarget "chat-pageTests" */ = {
			isa = XCConfigurationList;
			buildConfigurations = (
				EEFE6B2A27B710890005D536 /* Debug */,
				EEFE6B2B27B710890005D536 /* Release */,
			);
			defaultConfigurationIsVisible = 0;
			defaultConfigurationName = Release;
		};
		EEFE6B2C27B710890005D536 /* Build configuration list for PBXNativeTarget "chat-pageUITests" */ = {
			isa = XCConfigurationList;
			buildConfigurations = (
				EEFE6B2D27B710890005D536 /* Debug */,
				EEFE6B2E27B710890005D536 /* Release */,
			);
			defaultConfigurationIsVisible = 0;
			defaultConfigurationName = Release;
		};
/* End XCConfigurationList section */
	};
	rootObject = EEFE6AF427B710860005D536 /* Project object */;
}
